
Microsoft Visual Studio Solution File, Format Version 12.00
# Visual Studio Version 17
VisualStudioVersion = 17.11.35327.3
MinimumVisualStudioVersion = 10.0.40219.1
Project("{FAE04EC0-301F-11D3-BF4B-00C04F79EFBC}") = "Projecto Login 04-11-2024", "Projecto Login 04-11-2024.csproj", "{28AD38A1-16AF-4DB4-B740-69CB8E91E7C0}"
EndProject
Global
	GlobalSection(SolutionConfigurationPlatforms) = preSolution
		Debug|Any CPU = Debug|Any CPU
		Release|Any CPU = Release|Any CPU
	EndGlobalSection
	GlobalSection(ProjectConfigurationPlatforms) = postSolution
		{28AD38A1-16AF-4DB4-B740-69CB8E91E7C0}.Debug|Any CPU.ActiveCfg = Debug|Any CPU
		{28AD38A1-16AF-4DB4-B740-69CB8E91E7C0}.Debug|Any CPU.Build.0 = Debug|Any CPU
		{28AD38A1-16AF-4DB4-B740-69CB8E91E7C0}.Release|Any CPU.ActiveCfg = Release|Any CPU
		{28AD38A1-16AF-4DB4-B740-69CB8E91E7C0}.Release|Any CPU.Build.0 = Release|Any CPU
	EndGlobalSection
	GlobalSection(SolutionProperties) = preSolution
		HideSolutionNode = FALSE
	EndGlobalSection
	GlobalSection(ExtensibilityGlobals) = postSolution
		SolutionGuid = {EAA86878-1447-41B3-89FD-D57B4590682D}
	EndGlobalSection
EndGlobal
